
Microsoft Visual Studio Solution File, Format Version 12.00
# Visual Studio Version 17
VisualStudioVersion = 17.8.34309.116
MinimumVisualStudioVersion = 10.0.40219.1
Project("{FAE04EC0-301F-11D3-BF4B-00C04F79EFBC}") = "MVC_MarcVallverdu", "MVC_MarcVallverdu\MVC_MarcVallverdu.csproj", "{18CC78A7-F825-48F9-BC3A-E8B95987A430}"
EndProject
Global
	GlobalSection(SolutionConfigurationPlatforms) = preSolution
		Debug|Any CPU = Debug|Any CPU
		Release|Any CPU = Release|Any CPU
	EndGlobalSection
	GlobalSection(ProjectConfigurationPlatforms) = postSolution
		{18CC78A7-F825-48F9-BC3A-E8B95987A430}.Debug|Any CPU.ActiveCfg = Debug|Any CPU
		{18CC78A7-F825-48F9-BC3A-E8B95987A430}.Debug|Any CPU.Build.0 = Debug|Any CPU
		{18CC78A7-F825-48F9-BC3A-E8B95987A430}.Release|Any CPU.ActiveCfg = Release|Any CPU
		{18CC78A7-F825-48F9-BC3A-E8B95987A430}.Release|Any CPU.Build.0 = Release|Any CPU
	EndGlobalSection
	GlobalSection(SolutionProperties) = preSolution
		HideSolutionNode = FALSE
	EndGlobalSection
	GlobalSection(ExtensibilityGlobals) = postSolution
		SolutionGuid = {015297B5-9D66-4B77-AB4A-88176F765B4A}
	EndGlobalSection
EndGlobal
